
Microsoft Visual Studio Solution File, Format Version 12.00
# Visual Studio Version 16
VisualStudioVersion = 16.0.31205.134
MinimumVisualStudioVersion = 10.0.40219.1
Project("{FAE04EC0-301F-11D3-BF4B-00C04F79EFBC}") = "Equation Solver", "Equation Solver.csproj", "{A8983839-ED52-45FC-A328-4E15998B535F}"
EndProject
Global
	GlobalSection(SolutionConfigurationPlatforms) = preSolution
		Debug|Any CPU = Debug|Any CPU
		Release|Any CPU = Release|Any CPU
	EndGlobalSection
	GlobalSection(ProjectConfigurationPlatforms) = postSolution
		{A8983839-ED52-45FC-A328-4E15998B535F}.Debug|Any CPU.ActiveCfg = Debug|Any CPU
		{A8983839-ED52-45FC-A328-4E15998B535F}.Debug|Any CPU.Build.0 = Debug|Any CPU
		{A8983839-ED52-45FC-A328-4E15998B535F}.Release|Any CPU.ActiveCfg = Release|Any CPU
		{A8983839-ED52-45FC-A328-4E15998B535F}.Release|Any CPU.Build.0 = Release|Any CPU
	EndGlobalSection
	GlobalSection(SolutionProperties) = preSolution
		HideSolutionNode = FALSE
	EndGlobalSection
	GlobalSection(ExtensibilityGlobals) = postSolution
		SolutionGuid = {FC560DD6-F963-41F5-9F13-26E8B536B1AB}
	EndGlobalSection
EndGlobal
